
Microsoft Visual Studio Solution File, Format Version 12.00
# Visual Studio Version 17
VisualStudioVersion = 17.10.35013.160
MinimumVisualStudioVersion = 10.0.40219.1
Project("{9A19103F-16F7-4668-BE54-9A1E7A4F7556}") = "Article.API", "Article.API\Article.API.csproj", "{57009EDC-7541-4E07-A391-7BBDDC23968D}"
EndProject
Project("{9A19103F-16F7-4668-BE54-9A1E7A4F7556}") = "Article.Application", "Article.Application\Article.Application.csproj", "{17B230FA-2E43-4635-B3C9-415AD481EA36}"
EndProject
Project("{9A19103F-16F7-4668-BE54-9A1E7A4F7556}") = "Article.Infrastructure", "Article.Infrastructure\Article.Infrastructure.csproj", "{A3D26023-F598-4CCF-B60F-108D6E50DC95}"
EndProject
Project("{9A19103F-16F7-4668-BE54-9A1E7A4F7556}") = "Article.Core", "Article.Core\Article.Core.csproj", "{B0393C41-8B7A-4CFE-8F92-7EDFC1D9AB83}"
EndProject
Project("{FAE04EC0-301F-11D3-BF4B-00C04F79EFBC}") = "Article.Infrastructure.Test", "Article.Infrastructure.Test\Article.Infrastructure.Test.csproj", "{C634C4F9-7E36-46A2-AB46-760FF96AC697}"
EndProject
Global
	GlobalSection(SolutionConfigurationPlatforms) = preSolution
		Debug|Any CPU = Debug|Any CPU
		Release|Any CPU = Release|Any CPU
	EndGlobalSection
	GlobalSection(ProjectConfigurationPlatforms) = postSolution
		{57009EDC-7541-4E07-A391-7BBDDC23968D}.Debug|Any CPU.ActiveCfg = Debug|Any CPU
		{57009EDC-7541-4E07-A391-7BBDDC23968D}.Debug|Any CPU.Build.0 = Debug|Any CPU
		{57009EDC-7541-4E07-A391-7BBDDC23968D}.Release|Any CPU.ActiveCfg = Release|Any CPU
		{57009EDC-7541-4E07-A391-7BBDDC23968D}.Release|Any CPU.Build.0 = Release|Any CPU
		{17B230FA-2E43-4635-B3C9-415AD481EA36}.Debug|Any CPU.ActiveCfg = Debug|Any CPU
		{17B230FA-2E43-4635-B3C9-415AD481EA36}.Debug|Any CPU.Build.0 = Debug|Any CPU
		{17B230FA-2E43-4635-B3C9-415AD481EA36}.Release|Any CPU.ActiveCfg = Release|Any CPU
		{17B230FA-2E43-4635-B3C9-415AD481EA36}.Release|Any CPU.Build.0 = Release|Any CPU
		{A3D26023-F598-4CCF-B60F-108D6E50DC95}.Debug|Any CPU.ActiveCfg = Debug|Any CPU
		{A3D26023-F598-4CCF-B60F-108D6E50DC95}.Debug|Any CPU.Build.0 = Debug|Any CPU
		{A3D26023-F598-4CCF-B60F-108D6E50DC95}.Release|Any CPU.ActiveCfg = Release|Any CPU
		{A3D26023-F598-4CCF-B60F-108D6E50DC95}.Release|Any CPU.Build.0 = Release|Any CPU
		{B0393C41-8B7A-4CFE-8F92-7EDFC1D9AB83}.Debug|Any CPU.ActiveCfg = Debug|Any CPU
		{B0393C41-8B7A-4CFE-8F92-7EDFC1D9AB83}.Debug|Any CPU.Build.0 = Debug|Any CPU
		{B0393C41-8B7A-4CFE-8F92-7EDFC1D9AB83}.Release|Any CPU.ActiveCfg = Release|Any CPU
		{B0393C41-8B7A-4CFE-8F92-7EDFC1D9AB83}.Release|Any CPU.Build.0 = Release|Any CPU
		{C634C4F9-7E36-46A2-AB46-760FF96AC697}.Debug|Any CPU.ActiveCfg = Debug|Any CPU
		{C634C4F9-7E36-46A2-AB46-760FF96AC697}.Debug|Any CPU.Build.0 = Debug|Any CPU
		{C634C4F9-7E36-46A2-AB46-760FF96AC697}.Release|Any CPU.ActiveCfg = Release|Any CPU
		{C634C4F9-7E36-46A2-AB46-760FF96AC697}.Release|Any CPU.Build.0 = Release|Any CPU
	EndGlobalSection
	GlobalSection(SolutionProperties) = preSolution
		HideSolutionNode = FALSE
	EndGlobalSection
	GlobalSection(ExtensibilityGlobals) = postSolution
		SolutionGuid = {9BA9C12E-B0C1-4409-BDF3-A5D6794040B5}
	EndGlobalSection
EndGlobal
